PODS:
  - ModernAVPlayer2/Core (1.2.1)
  - ModernAVPlayer2/RxSwift (1.2.1):
    - ModernAVPlayer2/Core
    - RxCocoa (~> 4.5)
    - RxSwift (~> 4.5)
  - Nimble (8.0.1)
  - Quick (2.0.0)
  - RxCocoa (4.5.0):
    - RxSwift (>= 4.4.2, ~> 4.4)
  - RxSwift (4.5.0)

DEPENDENCIES:
  - ModernAVPlayer2/RxSwift (from `.`)
  - Nimble (= 8.0.1)
  - Quick (= 2.0.0)

SPEC REPOS:
  https://github.com/cocoapods/specs.git:
    - Nimble
    - Quick
    - RxCocoa
    - RxSwift

EXTERNAL SOURCES:
  ModernAVPlayer2:
    :path: "."

SPEC CHECKSUMS:
  ModernAVPlayer2: 415cba9a9fc01ffccb7bd4267b598c35b24808cf
  Nimble: 45f786ae66faa9a709624227fae502db55a8bdd0
  Quick: ce1276c7c27ba2da3cb2fd0cde053c3648b3b22d
  RxCocoa: cbf70265dc65a981d4ac982e513c10cf23df24a0
  RxSwift: f172070dfd1a93d70a9ab97a5a01166206e1c575

PODFILE CHECKSUM: 7a212ca1566feea6282d4cca6a3383c42ca6a307

COCOAPODS: 1.6.1
